
Microsoft Visual Studio Solution File, Format Version 12.00
# Visual Studio 15
VisualStudioVersion = 15.0.28010.2016
MinimumVisualStudioVersion = 10.0.40219.1
Project("{FAE04EC0-301F-11D3-BF4B-00C04F79EFBC}") = "Bucavent", "Bucavent\Bucavent.csproj", "{FBA329D4-6772-49A5-AFD2-370AA0255ACC}"
EndProject
Project("{FAE04EC0-301F-11D3-BF4B-00C04F79EFBC}") = "EntidadesBucavent", "EntidadesBucavent\EntidadesBucavent.csproj", "{3A8F8B37-616F-420D-9FD6-287C956E5037}"
EndProject
Project("{54435603-DBB4-11D2-8724-00A0C9A8B90C}") = "ProyectoBucavent", "ProyectoBucavent\ProyectoBucavent.vdproj", "{EDD4ED36-5E22-4E02-B0F0-7641F168712C}"
EndProject
Global
	GlobalSection(SolutionConfigurationPlatforms) = preSolution
		Debug|Any CPU = Debug|Any CPU
		Release|Any CPU = Release|Any CPU
	EndGlobalSection
	GlobalSection(ProjectConfigurationPlatforms) = postSolution
		{FBA329D4-6772-49A5-AFD2-370AA0255ACC}.Debug|Any CPU.ActiveCfg = Debug|Any CPU
		{FBA329D4-6772-49A5-AFD2-370AA0255ACC}.Debug|Any CPU.Build.0 = Debug|Any CPU
		{FBA329D4-6772-49A5-AFD2-370AA0255ACC}.Release|Any CPU.ActiveCfg = Release|Any CPU
		{FBA329D4-6772-49A5-AFD2-370AA0255ACC}.Release|Any CPU.Build.0 = Release|Any CPU
		{3A8F8B37-616F-420D-9FD6-287C956E5037}.Debug|Any CPU.ActiveCfg = Debug|Any CPU
		{3A8F8B37-616F-420D-9FD6-287C956E5037}.Debug|Any CPU.Build.0 = Debug|Any CPU
		{3A8F8B37-616F-420D-9FD6-287C956E5037}.Release|Any CPU.ActiveCfg = Release|Any CPU
		{3A8F8B37-616F-420D-9FD6-287C956E5037}.Release|Any CPU.Build.0 = Release|Any CPU
		{EDD4ED36-5E22-4E02-B0F0-7641F168712C}.Debug|Any CPU.ActiveCfg = Debug
		{EDD4ED36-5E22-4E02-B0F0-7641F168712C}.Release|Any CPU.ActiveCfg = Release
	EndGlobalSection
	GlobalSection(SolutionProperties) = preSolution
		HideSolutionNode = FALSE
	EndGlobalSection
	GlobalSection(ExtensibilityGlobals) = postSolution
		SolutionGuid = {D7738CCE-F4DA-456A-92C2-A5DC04439DB1}
	EndGlobalSection
EndGlobal
